{
  "lockfile-version": 1,
  "manifest": {
    "version": 1,
    "install": {
      "claude-code": {
        "pkg-path": "claude-code",
        "version": "2.1.14"
      },
      "go": {
        "pkg-path": "go",
        "version": "^1.25.5"
      },
      "golangci-lint": {
        "pkg-path": "golangci-lint",
        "version": "^2.6.0"
      }
    },
    "options": {}
  },
  "packages": [
    {
      "attr_path": "claude-code",
      "broken": false,
      "derivation": "/nix/store/zpksjivw7zisvq2fvi4y1a57qqmb29qg-claude-code-2.1.14.drv",
      "description": "Agentic coding tool that lives in your terminal, understands your codebase, and helps you code faster",
      "install_id": "claude-code",
      "license": "Unfree",
      "locked_url": "https://github.com/flox/nixpkgs?rev=88d3861acdd3d2f0e361767018218e51810df8a1",
      "name": "claude-code-2.1.14",
      "pname": "claude-code",
      "rev": "88d3861acdd3d2f0e361767018218e51810df8a1",
      "rev_count": 931542,
      "rev_date": "2026-01-21T18:02:10Z",
      "scrape_date": "2026-01-23T04:32:30.342924Z",
      "stabilities": [
        "staging",
        "unstable"
      ],
      "unfree": true,
      "version": "2.1.14",
      "outputs_to_install": [
        "out"
      ],
      "outputs": {
        "out": "/nix/store/nfpmwx58lqf796lsnmxba7r2rwcnfm0s-claude-code-2.1.14"
      },
      "system": "aarch64-darwin",
      "group": "toplevel",
      "priority": 5
    },
    {
      "attr_path": "claude-code",
      "broken": false,
      "derivation": "/nix/store/8l5mwyz6zgm5kkyrnadvkb0nznc3y1cd-claude-code-2.1.14.drv",
      "description": "Agentic coding tool that lives in your terminal, understands your codebase, and helps you code faster",
      "install_id": "claude-code",
      "license": "Unfree",
      "locked_url": "https://github.com/flox/nixpkgs?rev=88d3861acdd3d2f0e361767018218e51810df8a1",
      "name": "claude-code-2.1.14",
      "pname": "claude-code",
      "rev": "88d3861acdd3d2f0e361767018218e51810df8a1",
      "rev_count": 931542,
      "rev_date": "2026-01-21T18:02:10Z",
      "scrape_date": "2026-01-23T05:12:34.123158Z",
      "stabilities": [
        "staging",
        "unstable"
      ],
      "unfree": true,
      "version": "2.1.14",
      "outputs_to_install": [
        "out"
      ],
      "outputs": {
        "out": "/nix/store/wxz0yskh267i0i6rczg7wsg7jpvj7ci4-claude-code-2.1.14"
      },
      "system": "aarch64-linux",
      "group": "toplevel",
      "priority": 5
    },
    {
      "attr_path": "claude-code",
      "broken": false,
      "derivation": "/nix/store/dqcvnhw9r0zsg8bnaf2j2r3996vg6v34-claude-code-2.1.14.drv",
      "description": "Agentic coding tool that lives in your terminal, understands your codebase, and helps you code faster",
      "install_id": "claude-code",
      "license": "Unfree",
      "locked_url": "https://github.com/flox/nixpkgs?rev=88d3861acdd3d2f0e361767018218e51810df8a1",
      "name": "claude-code-2.1.14",
      "pname": "claude-code",
      "rev": "88d3861acdd3d2f0e361767018218e51810df8a1",
      "rev_count": 931542,
      "rev_date": "2026-01-21T18:02:10Z",
      "scrape_date": "2026-01-23T05:49:36.487304Z",
      "stabilities": [
        "staging",
        "unstable"
      ],
      "unfree": true,
      "version": "2.1.14",
      "outputs_to_install": [
        "out"
      ],
      "outputs": {
        "out": "/nix/store/823kns2axgrsx5i07k66fp1s1x4ww398-claude-code-2.1.14"
      },
      "system": "x86_64-darwin",
      "group": "toplevel",
      "priority": 5
    },
    {
      "attr_path": "claude-code",
      "broken": false,
      "derivation": "/nix/store/c4agdb3p828kh25vmsrajnfzynr3jf33-claude-code-2.1.14.drv",
      "description": "Agentic coding tool that lives in your terminal, understands your codebase, and helps you code faster",
      "install_id": "claude-code",
      "license": "Unfree",
      "locked_url": "https://github.com/flox/nixpkgs?rev=88d3861acdd3d2f0e361767018218e51810df8a1",
      "name": "claude-code-2.1.14",
      "pname": "claude-code",
      "rev": "88d3861acdd3d2f0e361767018218e51810df8a1",
      "rev_count": 931542,
      "rev_date": "2026-01-21T18:02:10Z",
      "scrape_date": "2026-01-23T06:35:54.873323Z",
      "stabilities": [
        "staging",
        "unstable"
      ],
      "unfree": true,
      "version": "2.1.14",
      "outputs_to_install": [
        "out"
      ],
      "outputs": {
        "out": "/nix/store/fi7yy26nhg389nr23nwynnpf3bia26zy-claude-code-2.1.14"
      },
      "system": "x86_64-linux",
      "group": "toplevel",
      "priority": 5
    },
    {
      "attr_path": "go",
      "broken": false,
      "derivation": "/nix/store/hgsy7836w5mmvbmfqq85ahvaijxp6hg5-go-1.25.5.drv",
      "description": "Go Programming language",
      "install_id": "go",
      "license": "BSD-3-Clause",
      "locked_url": "https://github.com/flox/nixpkgs?rev=88d3861acdd3d2f0e361767018218e51810df8a1",
      "name": "go-1.25.5",
      "pname": "go",
      "rev": "88d3861acdd3d2f0e361767018218e51810df8a1",
      "rev_count": 931542,
      "rev_date": "2026-01-21T18:02:10Z",
      "scrape_date": "2026-01-23T04:32:31.245124Z",
      "stabilities": [
        "staging",
        "unstable"
      ],
      "unfree": false,
      "version": "1.25.5",
      "outputs_to_install": [
        "out"
      ],
      "outputs": {
        "out": "/nix/store/fy2aq0rg6vbiyjfdpqy3429hqsan7iwm-go-1.25.5"
      },
      "system": "aarch64-darwin",
      "group": "toplevel",
      "priority": 5
    },
    {
      "attr_path": "go",
      "broken": false,
      "derivation": "/nix/store/szsqy070dn220802p3xz4qzayg21v51h-go-1.25.5.drv",
      "description": "Go Programming language",
      "install_id": "go",
      "license": "BSD-3-Clause",
      "locked_url": "https://github.com/flox/nixpkgs?rev=88d3861acdd3d2f0e361767018218e51810df8a1",
      "name": "go-1.25.5",
      "pname": "go",
      "rev": "88d3861acdd3d2f0e361767018218e51810df8a1",
      "rev_count": 931542,
      "rev_date": "2026-01-21T18:02:10Z",
      "scrape_date": "2026-01-23T05:12:35.929610Z",
      "stabilities": [
        "staging",
        "unstable"
      ],
      "unfree": false,
      "version": "1.25.5",
      "outputs_to_install": [
        "out"
      ],
      "outputs": {
        "out": "/nix/store/30d96229dgrh6n6bmd4hn9r1hcngj9bn-go-1.25.5"
      },
      "system": "aarch64-linux",
      "group": "toplevel",
      "priority": 5
    },
    {
      "attr_path": "go",
      "broken": false,
      "derivation": "/nix/store/h6nns7plcgc96n5d5fx6d3gaimdb5ji1-go-1.25.5.drv",
      "description": "Go Programming language",
      "install_id": "go",
      "license": "BSD-3-Clause",
      "locked_url": "https://github.com/flox/nixpkgs?rev=88d3861acdd3d2f0e361767018218e51810df8a1",
      "name": "go-1.25.5",
      "pname": "go",
      "rev": "88d3861acdd3d2f0e361767018218e51810df8a1",
      "rev_count": 931542,
      "rev_date": "2026-01-21T18:02:10Z",
      "scrape_date": "2026-01-23T05:49:37.421593Z",
      "stabilities": [
        "staging",
        "unstable"
      ],
      "unfree": false,
      "version": "1.25.5",
      "outputs_to_install": [
        "out"
      ],
      "outputs": {
        "out": "/nix/store/wzakp2xy6if4n2b4fb1fkdjwilwlpifk-go-1.25.5"
      },
      "system": "x86_64-darwin",
      "group": "toplevel",
      "priority": 5
    },
    {
      "attr_path": "go",
      "broken": false,
      "derivation": "/nix/store/zl4wd83m32ygpjcljdl5wqsn0fq9093j-go-1.25.5.drv",
      "description": "Go Programming language",
      "install_id": "go",
      "license": "BSD-3-Clause",
      "locked_url": "https://github.com/flox/nixpkgs?rev=88d3861acdd3d2f0e361767018218e51810df8a1",
      "name": "go-1.25.5",
      "pname": "go",
      "rev": "88d3861acdd3d2f0e361767018218e51810df8a1",
      "rev_count": 931542,
      "rev_date": "2026-01-21T18:02:10Z",
      "scrape_date": "2026-01-23T06:35:56.890139Z",
      "stabilities": [
        "staging",
        "unstable"
      ],
      "unfree": false,
      "version": "1.25.5",
      "outputs_to_install": [
        "out"
      ],
      "outputs": {
        "out": "/nix/store/60z37432vmgkg54krwr1z057bqwp7583-go-1.25.5"
      },
      "system": "x86_64-linux",
      "group": "toplevel",
      "priority": 5
    },
    {
      "attr_path": "golangci-lint",
      "broken": false,
      "derivation": "/nix/store/40nsgr1ffy7837akwyddn1k5y7rip79a-golangci-lint-2.8.0.drv",
      "description": "Fast linters Runner for Go",
      "install_id": "golangci-lint",
      "license": "GPL-3.0-or-later",
      "locked_url": "https://github.com/flox/nixpkgs?rev=88d3861acdd3d2f0e361767018218e51810df8a1",
      "name": "golangci-lint-2.8.0",
      "pname": "golangci-lint",
      "rev": "88d3861acdd3d2f0e361767018218e51810df8a1",
      "rev_count": 931542,
      "rev_date": "2026-01-21T18:02:10Z",
      "scrape_date": "2026-01-23T04:32:31.294368Z",
      "stabilities": [
        "staging",
        "unstable"
      ],
      "unfree": false,
      "version": "2.8.0",
      "outputs_to_install": [
        "out"
      ],
      "outputs": {
        "out": "/nix/store/b9iv68qcms160wlni9xn56s81cvqksgf-golangci-lint-2.8.0"
      },
      "system": "aarch64-darwin",
      "group": "toplevel",
      "priority": 5
    },
    {
      "attr_path": "golangci-lint",
      "broken": false,
      "derivation": "/nix/store/w5ninrbdd8jzniwsnngx3hk08qcpramj-golangci-lint-2.8.0.drv",
      "description": "Fast linters Runner for Go",
      "install_id": "golangci-lint",
      "license": "GPL-3.0-or-later",
      "locked_url": "https://github.com/flox/nixpkgs?rev=88d3861acdd3d2f0e361767018218e51810df8a1",
      "name": "golangci-lint-2.8.0",
      "pname": "golangci-lint",
      "rev": "88d3861acdd3d2f0e361767018218e51810df8a1",
      "rev_count": 931542,
      "rev_date": "2026-01-21T18:02:10Z",
      "scrape_date": "2026-01-23T05:12:36.015794Z",
      "stabilities": [
        "staging",
        "unstable"
      ],
      "unfree": false,
      "version": "2.8.0",
      "outputs_to_install": [
        "out"
      ],
      "outputs": {
        "out": "/nix/store/1yzy8ajvs3wj009j7al87hm6n0zwjd40-golangci-lint-2.8.0"
      },
      "system": "aarch64-linux",
      "group": "toplevel",
      "priority": 5
    },
    {
      "attr_path": "golangci-lint",
      "broken": false,
      "derivation": "/nix/store/ycmfnisknvdwma19gmi76lfbva69d5zb-golangci-lint-2.8.0.drv",
      "description": "Fast linters Runner for Go",
      "install_id": "golangci-lint",
      "license": "GPL-3.0-or-later",
      "locked_url": "https://github.com/flox/nixpkgs?rev=88d3861acdd3d2f0e361767018218e51810df8a1",
      "name": "golangci-lint-2.8.0",
      "pname": "golangci-lint",
      "rev": "88d3861acdd3d2f0e361767018218e51810df8a1",
      "rev_count": 931542,
      "rev_date": "2026-01-21T18:02:10Z",
      "scrape_date": "2026-01-23T05:49:37.476695Z",
      "stabilities": [
        "staging",
        "unstable"
      ],
      "unfree": false,
      "version": "2.8.0",
      "outputs_to_install": [
        "out"
      ],
      "outputs": {
        "out": "/nix/store/k17d2y5alkdd3p03haik3a3ksfaxh1fj-golangci-lint-2.8.0"
      },
      "system": "x86_64-darwin",
      "group": "toplevel",
      "priority": 5
    },
    {
      "attr_path": "golangci-lint",
      "broken": false,
      "derivation": "/nix/store/y63slg26nqb3zgd938f707lr9k5wnmam-golangci-lint-2.8.0.drv",
      "description": "Fast linters Runner for Go",
      "install_id": "golangci-lint",
      "license": "GPL-3.0-or-later",
      "locked_url": "https://github.com/flox/nixpkgs?rev=88d3861acdd3d2f0e361767018218e51810df8a1",
      "name": "golangci-lint-2.8.0",
      "pname": "golangci-lint",
      "rev": "88d3861acdd3d2f0e361767018218e51810df8a1",
      "rev_count": 931542,
      "rev_date": "2026-01-21T18:02:10Z",
      "scrape_date": "2026-01-23T06:35:56.984857Z",
      "stabilities": [
        "staging",
        "unstable"
      ],
      "unfree": false,
      "version": "2.8.0",
      "outputs_to_install": [
        "out"
      ],
      "outputs": {
        "out": "/nix/store/643gpb6qyxjl9lcrfr8gvfck2rj9zabd-golangci-lint-2.8.0"
      },
      "system": "x86_64-linux",
      "group": "toplevel",
      "priority": 5
    }
  ]
}
