{
  "lockfile-version": 1,
  "manifest": {
    "schema-version": "1.17.0",
    "install": {
      "claude-code": {
        "pkg-path": "claude-code",
        "pkg-group": "claude-code",
        "version": "^2.1.289"
      },
      "codex": {
        "pkg-path": "codex",
        "pkg-group": "codex",
        "version": "^0.142.3"
      },
      "go": {
        "pkg-path": "go",
        "version": "1.26.8"
      },
      "go-task": {
        "pkg-path": "go-task",
        "version": "3.53.1"
      },
      "golangci-lint": {
        "pkg-path": "golangci-lint",
        "version": "^2.13.2"
      },
      "infer": {
        "flake": "github:inference-gateway/cli/v0.226.0"
      }
    },
    "options": {}
  },
  "packages": [
    {
      "attr_path": "claude-code",
      "broken": false,
      "derivation": "/nix/store/nz294vr7bc8ns0z6wlvi8gww2n8pa571-claude-code-2.1.289.drv",
      "description": "Agentic coding tool that lives in your terminal, understands your codebase, and helps you code faster",
      "install_id": "claude-code",
      "license": "Unfree",
      "locked_url": "https://github.com/flox/nixpkgs?rev=494ce7fd23ff6a5dff39e1fb11e9b6f2ac74bf25",
      "name": "claude-code-2.1.289",
      "pname": "claude-code",
      "rev": "494ce7fd23ff6a5dff39e1fb11e9b6f2ac74bf25",
      "rev_count": 1085777,
      "rev_date": "2026-10-05T05:43:54Z",
      "scrape_date": "2026-10-06T05:00:37.677693Z",
      "stabilities": [
        "unstable"
      ],
      "unfree": true,
      "version": "2.1.289",
      "outputs_to_install": [
        "out"
      ],
      "outputs": {
        "out": "/nix/store/gyl8qhjsb5hxpriz220s4k5j58v41gmg-claude-code-2.1.289"
      },
      "system": "aarch64-darwin",
      "group": "claude-code",
      "priority": 5
    },
    {
      "attr_path": "claude-code",
      "broken": false,
      "derivation": "/nix/store/1ww1cw7ivdb420js7wabj34rwhkzdrb4-claude-code-2.1.289.drv",
      "description": "Agentic coding tool that lives in your terminal, understands your codebase, and helps you code faster",
      "install_id": "claude-code",
      "license": "Unfree",
      "locked_url": "https://github.com/flox/nixpkgs?rev=494ce7fd23ff6a5dff39e1fb11e9b6f2ac74bf25",
      "name": "claude-code-2.1.289",
      "pname": "claude-code",
      "rev": "494ce7fd23ff6a5dff39e1fb11e9b6f2ac74bf25",
      "rev_count": 1085777,
      "rev_date": "2026-10-05T05:43:54Z",
      "scrape_date": "2026-10-06T05:33:53.821454Z",
      "stabilities": [
        "unstable"
      ],
      "unfree": true,
      "version": "2.1.289",
      "outputs_to_install": [
        "out"
      ],
      "outputs": {
        "out": "/nix/store/8vhrls4la4qv986ldp295l6b91gq2kcq-claude-code-2.1.289"
      },
      "system": "aarch64-linux",
      "group": "claude-code",
      "priority": 5
    },
    {
      "attr_path": "claude-code",
      "broken": false,
      "derivation": "/nix/store/fd7ni5avz0zv5pqiiqfpl276qd3s36d9-claude-code-2.1.289.drv",
      "description": "Agentic coding tool that lives in your terminal, understands your codebase, and helps you code faster",
      "install_id": "claude-code",
      "license": "Unfree",
      "locked_url": "https://github.com/flox/nixpkgs?rev=494ce7fd23ff6a5dff39e1fb11e9b6f2ac74bf25",
      "name": "claude-code-2.1.289",
      "pname": "claude-code",
      "rev": "494ce7fd23ff6a5dff39e1fb11e9b6f2ac74bf25",
      "rev_count": 1085777,
      "rev_date": "2026-10-05T05:43:54Z",
      "scrape_date": "2026-10-06T06:11:14.508342Z",
      "stabilities": [
        "unstable"
      ],
      "unfree": true,
      "version": "2.1.289",
      "outputs_to_install": [
        "out"
      ],
      "outputs": {
        "out": "/nix/store/3hm7i7932rk5mavvqmnzpv9x8q0nmg2a-claude-code-2.1.289"
      },
      "system": "x86_64-linux",
      "group": "claude-code",
      "priority": 5
    },
    {
      "attr_path": "codex",
      "broken": false,
      "derivation": "/nix/store/4l51gj08lj6z3dxizkkvdikqgs78043d-codex-0.142.3.drv",
      "description": "Lightweight coding agent that runs in your terminal",
      "install_id": "codex",
      "license": "Apache-2.0",
      "locked_url": "https://github.com/flox/nixpkgs?rev=d407951447dcd00442e97087bf374aad70c04cea",
      "name": "codex-0.142.3",
      "pname": "codex",
      "rev": "d407951447dcd00442e97087bf374aad70c04cea",
      "rev_count": 1027867,
      "rev_date": "2026-07-05T04:06:12Z",
      "scrape_date": "2026-07-06T03:12:55.196603Z",
      "stabilities": [
        "unstable"
      ],
      "unfree": false,
      "version": "0.142.3",
      "outputs_to_install": [
        "out"
      ],
      "outputs": {
        "out": "/nix/store/2nah5i36pcrklqigizwraq8d7lnac7wh-codex-0.142.3"
      },
      "system": "aarch64-darwin",
      "group": "codex",
      "priority": 5
    },
    {
      "attr_path": "codex",
      "broken": false,
      "derivation": "/nix/store/1jnjfh0kn9i3zzq8917s4cg69i5fsv27-codex-0.142.3.drv",
      "description": "Lightweight coding agent that runs in your terminal",
      "install_id": "codex",
      "license": "Apache-2.0",
      "locked_url": "https://github.com/flox/nixpkgs?rev=d407951447dcd00442e97087bf374aad70c04cea",
      "name": "codex-0.142.3",
      "pname": "codex",
      "rev": "d407951447dcd00442e97087bf374aad70c04cea",
      "rev_count": 1027867,
      "rev_date": "2026-07-05T04:06:12Z",
      "scrape_date": "2026-07-06T03:41:21.839790Z",
      "stabilities": [
        "unstable"
      ],
      "unfree": false,
      "version": "0.142.3",
      "outputs_to_install": [
        "out"
      ],
      "outputs": {
        "out": "/nix/store/3wjh1x751r25ryixpiakzyf4qm7cpxnp-codex-0.142.3"
      },
      "system": "aarch64-linux",
      "group": "codex",
      "priority": 5
    },
    {
      "attr_path": "codex",
      "broken": false,
      "derivation": "/nix/store/vx6vhqc7xmdk9hgs1v36ljb1vfcdlds3-codex-0.142.3.drv",
      "description": "Lightweight coding agent that runs in your terminal",
      "install_id": "codex",
      "license": "Apache-2.0",
      "locked_url": "https://github.com/flox/nixpkgs?rev=d407951447dcd00442e97087bf374aad70c04cea",
      "name": "codex-0.142.3",
      "pname": "codex",
      "rev": "d407951447dcd00442e97087bf374aad70c04cea",
      "rev_count": 1027867,
      "rev_date": "2026-07-05T04:06:12Z",
      "scrape_date": "2026-07-06T04:40:24.488503Z",
      "stabilities": [
        "unstable"
      ],
      "unfree": false,
      "version": "0.142.3",
      "outputs_to_install": [
        "out"
      ],
      "outputs": {
        "out": "/nix/store/6w721z4882dm6pdhmqx7njypbglckx9s-codex-0.142.3"
      },
      "system": "x86_64-linux",
      "group": "codex",
      "priority": 5
    },
    {
      "attr_path": "go",
      "broken": false,
      "derivation": "/nix/store/hw9s3y4ggwn2mnr4dpnlr3pzlq6pfc3d-go-1.26.8.drv",
      "description": "Go Programming language",
      "install_id": "go",
      "license": "BSD-3-Clause",
      "locked_url": "https://github.com/flox/nixpkgs?rev=c59305bab2065cfecc4944690d9eedbb56f3a9fa",
      "name": "go-1.26.8",
      "pname": "go",
      "rev": "c59305bab2065cfecc4944690d9eedbb56f3a9fa",
      "rev_count": 1083223,
      "rev_date": "2026-10-01T02:47:39Z",
      "scrape_date": "2026-10-02T04:59:41.159239Z",
      "stabilities": [
        "staging",
        "unstable"
      ],
      "unfree": false,
      "version": "1.26.8",
      "outputs_to_install": [
        "out"
      ],
      "outputs": {
        "out": "/nix/store/isqxa82c7f65sbhi51npr0547yz87bh5-go-1.26.8"
      },
      "system": "aarch64-darwin",
      "group": "toplevel",
      "priority": 5
    },
    {
      "attr_path": "go",
      "broken": false,
      "derivation": "/nix/store/mvzy81jgrz380qa717xzvl3k8a978shb-go-1.26.8.drv",
      "description": "Go Programming language",
      "install_id": "go",
      "license": "BSD-3-Clause",
      "locked_url": "https://github.com/flox/nixpkgs?rev=c59305bab2065cfecc4944690d9eedbb56f3a9fa",
      "name": "go-1.26.8",
      "pname": "go",
      "rev": "c59305bab2065cfecc4944690d9eedbb56f3a9fa",
      "rev_count": 1083223,
      "rev_date": "2026-10-01T02:47:39Z",
      "scrape_date": "2026-10-02T05:33:11.003350Z",
      "stabilities": [
        "staging",
        "unstable"
      ],
      "unfree": false,
      "version": "1.26.8",
      "outputs_to_install": [
        "out"
      ],
      "outputs": {
        "out": "/nix/store/3677bfwiaibp0fs0dxijmn8bsmkx31vx-go-1.26.8"
      },
      "system": "aarch64-linux",
      "group": "toplevel",
      "priority": 5
    },
    {
      "attr_path": "go",
      "broken": false,
      "derivation": "/nix/store/x0zllw4xw2cdql7jvzqdjhibgavvl7d9-go-1.26.8.drv",
      "description": "Go Programming language",
      "install_id": "go",
      "license": "BSD-3-Clause",
      "locked_url": "https://github.com/flox/nixpkgs?rev=c59305bab2065cfecc4944690d9eedbb56f3a9fa",
      "name": "go-1.26.8",
      "pname": "go",
      "rev": "c59305bab2065cfecc4944690d9eedbb56f3a9fa",
      "rev_count": 1083223,
      "rev_date": "2026-10-01T02:47:39Z",
      "scrape_date": "2026-10-02T06:09:44.595100Z",
      "stabilities": [
        "staging",
        "unstable"
      ],
      "unfree": false,
      "version": "1.26.8",
      "outputs_to_install": [
        "out"
      ],
      "outputs": {
        "out": "/nix/store/iqq9yz2yrcrzsn52h3vkkz72i92h1zds-go-1.26.8"
      },
      "system": "x86_64-linux",
      "group": "toplevel",
      "priority": 5
    },
    {
      "attr_path": "go-task",
      "broken": false,
      "derivation": "/nix/store/djwj6r7zbxswxi8cwdbcp0925flpafh6-go-task-3.53.1.drv",
      "description": "Task runner / simpler Make alternative written in Go",
      "install_id": "go-task",
      "license": "MIT",
      "locked_url": "https://github.com/flox/nixpkgs?rev=c59305bab2065cfecc4944690d9eedbb56f3a9fa",
      "name": "go-task-3.53.1",
      "pname": "go-task",
      "rev": "c59305bab2065cfecc4944690d9eedbb56f3a9fa",
      "rev_count": 1083223,
      "rev_date": "2026-10-01T02:47:39Z",
      "scrape_date": "2026-10-02T04:59:41.192878Z",
      "stabilities": [
        "staging",
        "unstable"
      ],
      "unfree": false,
      "version": "3.53.1",
      "outputs_to_install": [
        "out"
      ],
      "outputs": {
        "out": "/nix/store/mp3m86aziykrwshmqfr7i6w4ak4c8qz4-go-task-3.53.1"
      },
      "system": "aarch64-darwin",
      "group": "toplevel",
      "priority": 5
    },
    {
      "attr_path": "go-task",
      "broken": false,
      "derivation": "/nix/store/wgkk7db5ak5ay4g3qpqxm6b3wp3j5qwi-go-task-3.53.1.drv",
      "description": "Task runner / simpler Make alternative written in Go",
      "install_id": "go-task",
      "license": "MIT",
      "locked_url": "https://github.com/flox/nixpkgs?rev=c59305bab2065cfecc4944690d9eedbb56f3a9fa",
      "name": "go-task-3.53.1",
      "pname": "go-task",
      "rev": "c59305bab2065cfecc4944690d9eedbb56f3a9fa",
      "rev_count": 1083223,
      "rev_date": "2026-10-01T02:47:39Z",
      "scrape_date": "2026-10-02T05:33:11.038784Z",
      "stabilities": [
        "staging",
        "unstable"
      ],
      "unfree": false,
      "version": "3.53.1",
      "outputs_to_install": [
        "out"
      ],
      "outputs": {
        "out": "/nix/store/mwy1kwfwgq3diqxqkrkj8qbhrsr8xa4x-go-task-3.53.1"
      },
      "system": "aarch64-linux",
      "group": "toplevel",
      "priority": 5
    },
    {
      "attr_path": "go-task",
      "broken": false,
      "derivation": "/nix/store/wzh5hcwbsb8h1y1gg0islvdivr73v0gc-go-task-3.53.1.drv",
      "description": "Task runner / simpler Make alternative written in Go",
      "install_id": "go-task",
      "license": "MIT",
      "locked_url": "https://github.com/flox/nixpkgs?rev=c59305bab2065cfecc4944690d9eedbb56f3a9fa",
      "name": "go-task-3.53.1",
      "pname": "go-task",
      "rev": "c59305bab2065cfecc4944690d9eedbb56f3a9fa",
      "rev_count": 1083223,
      "rev_date": "2026-10-01T02:47:39Z",
      "scrape_date": "2026-10-02T06:09:44.631246Z",
      "stabilities": [
        "staging",
        "unstable"
      ],
      "unfree": false,
      "version": "3.53.1",
      "outputs_to_install": [
        "out"
      ],
      "outputs": {
        "out": "/nix/store/3gax8wb82c05afr6bsi56ighadlzaqkc-go-task-3.53.1"
      },
      "system": "x86_64-linux",
      "group": "toplevel",
      "priority": 5
    },
    {
      "attr_path": "golangci-lint",
      "broken": false,
      "derivation": "/nix/store/6j1crf8wn410v73nz8xakhb79rdgmmp7-golangci-lint-2.14.0.drv",
      "description": "Fast linters Runner for Go",
      "install_id": "golangci-lint",
      "license": "GPL-3.0-or-later",
      "locked_url": "https://github.com/flox/nixpkgs?rev=c59305bab2065cfecc4944690d9eedbb56f3a9fa",
      "name": "golangci-lint-2.14.0",
      "pname": "golangci-lint",
      "rev": "c59305bab2065cfecc4944690d9eedbb56f3a9fa",
      "rev_count": 1083223,
      "rev_date": "2026-10-01T02:47:39Z",
      "scrape_date": "2026-10-02T04:59:41.241736Z",
      "stabilities": [
        "staging",
        "unstable"
      ],
      "unfree": false,
      "version": "2.14.0",
      "outputs_to_install": [
        "out"
      ],
      "outputs": {
        "out": "/nix/store/wvbygf0dw7z7p32wjm85llavg3zbc256-golangci-lint-2.14.0"
      },
      "system": "aarch64-darwin",
      "group": "toplevel",
      "priority": 5
    },
    {
      "attr_path": "golangci-lint",
      "broken": false,
      "derivation": "/nix/store/hi3bxgm28y3x3s7k8ngciw4h62wp0ljc-golangci-lint-2.14.0.drv",
      "description": "Fast linters Runner for Go",
      "install_id": "golangci-lint",
      "license": "GPL-3.0-or-later",
      "locked_url": "https://github.com/flox/nixpkgs?rev=c59305bab2065cfecc4944690d9eedbb56f3a9fa",
      "name": "golangci-lint-2.14.0",
      "pname": "golangci-lint",
      "rev": "c59305bab2065cfecc4944690d9eedbb56f3a9fa",
      "rev_count": 1083223,
      "rev_date": "2026-10-01T02:47:39Z",
      "scrape_date": "2026-10-02T05:33:11.116718Z",
      "stabilities": [
        "staging",
        "unstable"
      ],
      "unfree": false,
      "version": "2.14.0",
      "outputs_to_install": [
        "out"
      ],
      "outputs": {
        "out": "/nix/store/wka485zfv0206ypy6hsk2zs86ndlryfm-golangci-lint-2.14.0"
      },
      "system": "aarch64-linux",
      "group": "toplevel",
      "priority": 5
    },
    {
      "attr_path": "golangci-lint",
      "broken": false,
      "derivation": "/nix/store/0hbi1m84jf06axjbs63gay84yqnddsd3-golangci-lint-2.14.0.drv",
      "description": "Fast linters Runner for Go",
      "install_id": "golangci-lint",
      "license": "GPL-3.0-or-later",
      "locked_url": "https://github.com/flox/nixpkgs?rev=c59305bab2065cfecc4944690d9eedbb56f3a9fa",
      "name": "golangci-lint-2.14.0",
      "pname": "golangci-lint",
      "rev": "c59305bab2065cfecc4944690d9eedbb56f3a9fa",
      "rev_count": 1083223,
      "rev_date": "2026-10-01T02:47:39Z",
      "scrape_date": "2026-10-02T06:09:44.708375Z",
      "stabilities": [
        "staging",
        "unstable"
      ],
      "unfree": false,
      "version": "2.14.0",
      "outputs_to_install": [
        "out"
      ],
      "outputs": {
        "out": "/nix/store/wnjaiawf798z57if1yf59i73abakkxwk-golangci-lint-2.14.0"
      },
      "system": "x86_64-linux",
      "group": "toplevel",
      "priority": 5
    },
    {
      "install_id": "infer",
      "locked-url": "github:inference-gateway/cli/38bb86d9a81e916dbf19859ad2eef3bbf1bc0fee?narHash=sha256-iWd88blwjVf6lveNJmN5Wp%2Bo95zfjHXCqqkgmiB8yio%3D",
      "flake-description": "Inference Gateway CLI - infer",
      "locked-flake-attr-path": "packages.aarch64-darwin.default",
      "derivation": "/nix/store/j5hnik0n882dcp9yw2j4rzc5by201wdk-infer-0.226.0.drv",
      "outputs": {
        "out": "/nix/store/nnj2whhryx3pk0c47rx15fx1mxammrj6-infer-0.226.0"
      },
      "output-names": [
        "out"
      ],
      "outputs-to-install": [
        "out"
      ],
      "requested-outputs-to-install": [],
      "package-system": "aarch64-darwin",
      "system": "aarch64-darwin",
      "name": "infer-0.226.0",
      "pname": "infer",
      "version": "0.226.0",
      "description": "Command-line interface for the Inference Gateway - AI model interaction manager",
      "licenses": [
        "MIT"
      ],
      "broken": false,
      "unfree": false,
      "priority": 5
    },
    {
      "install_id": "infer",
      "locked-url": "github:inference-gateway/cli/38bb86d9a81e916dbf19859ad2eef3bbf1bc0fee?narHash=sha256-iWd88blwjVf6lveNJmN5Wp%2Bo95zfjHXCqqkgmiB8yio%3D",
      "flake-description": "Inference Gateway CLI - infer",
      "locked-flake-attr-path": "packages.aarch64-linux.default",
      "derivation": "/nix/store/bpm8l9c1cblilvj75d0hwpnin6zw6pgm-infer-0.226.0.drv",
      "outputs": {
        "out": "/nix/store/aa2f5ph1asz0wyd8jqmbx9bhighmcp8g-infer-0.226.0"
      },
      "output-names": [
        "out"
      ],
      "outputs-to-install": [
        "out"
      ],
      "requested-outputs-to-install": [],
      "package-system": "aarch64-linux",
      "system": "aarch64-linux",
      "name": "infer-0.226.0",
      "pname": "infer",
      "version": "0.226.0",
      "description": "Command-line interface for the Inference Gateway - AI model interaction manager",
      "licenses": [
        "MIT"
      ],
      "broken": false,
      "unfree": false,
      "priority": 5
    },
    {
      "install_id": "infer",
      "locked-url": "github:inference-gateway/cli/38bb86d9a81e916dbf19859ad2eef3bbf1bc0fee?narHash=sha256-iWd88blwjVf6lveNJmN5Wp%2Bo95zfjHXCqqkgmiB8yio%3D",
      "flake-description": "Inference Gateway CLI - infer",
      "locked-flake-attr-path": "packages.x86_64-linux.default",
      "derivation": "/nix/store/j28d0pdz57g5bf4b4fpgaxwmi0fjqd39-infer-0.226.0.drv",
      "outputs": {
        "out": "/nix/store/j8cp9w2nlxpvycqb75vcc6inkdcaqzdr-infer-0.226.0"
      },
      "output-names": [
        "out"
      ],
      "outputs-to-install": [
        "out"
      ],
      "requested-outputs-to-install": [],
      "package-system": "x86_64-linux",
      "system": "x86_64-linux",
      "name": "infer-0.226.0",
      "pname": "infer",
      "version": "0.226.0",
      "description": "Command-line interface for the Inference Gateway - AI model interaction manager",
      "licenses": [
        "MIT"
      ],
      "broken": false,
      "unfree": false,
      "priority": 5
    }
  ]
}
