{
  "lockfile-version": 1,
  "manifest": {
    "version": 1,
    "install": {
      "claude-code": {
        "pkg-path": "claude-code",
        "version": "2.0.30"
      },
      "go": {
        "pkg-path": "go",
        "version": "^1.25.2"
      },
      "golangci-lint": {
        "pkg-path": "golangci-lint",
        "version": "^2.6.0"
      }
    },
    "options": {}
  },
  "packages": [
    {
      "attr_path": "claude-code",
      "broken": false,
      "derivation": "/nix/store/wm3898aygscqcryq92qaxqwzlldwdg1s-claude-code-2.0.30.drv",
      "description": "Agentic coding tool that lives in your terminal, understands your codebase, and helps you code faster",
      "install_id": "claude-code",
      "license": "Unfree",
      "locked_url": "https://github.com/flox/nixpkgs?rev=b3d51a0365f6695e7dd5cdf3e180604530ed33b4",
      "name": "claude-code-2.0.30",
      "pname": "claude-code",
      "rev": "b3d51a0365f6695e7dd5cdf3e180604530ed33b4",
      "rev_count": 888552,
      "rev_date": "2025-11-02T19:18:41Z",
      "scrape_date": "2025-11-04T00:35:18.367967Z",
      "stabilities": [
        "unstable"
      ],
      "unfree": true,
      "version": "2.0.30",
      "outputs_to_install": [
        "out"
      ],
      "outputs": {
        "out": "/nix/store/hzqj7n02j0rdgjxmhdnpxn94910dszlg-claude-code-2.0.30"
      },
      "system": "aarch64-darwin",
      "group": "toplevel",
      "priority": 5
    },
    {
      "attr_path": "claude-code",
      "broken": false,
      "derivation": "/nix/store/iyqnvbygw7qnmhy3q0a3xah0x2172xrs-claude-code-2.0.30.drv",
      "description": "Agentic coding tool that lives in your terminal, understands your codebase, and helps you code faster",
      "install_id": "claude-code",
      "license": "Unfree",
      "locked_url": "https://github.com/flox/nixpkgs?rev=b3d51a0365f6695e7dd5cdf3e180604530ed33b4",
      "name": "claude-code-2.0.30",
      "pname": "claude-code",
      "rev": "b3d51a0365f6695e7dd5cdf3e180604530ed33b4",
      "rev_count": 888552,
      "rev_date": "2025-11-02T19:18:41Z",
      "scrape_date": "2025-11-05T16:28:57.669127Z",
      "stabilities": [
        "unstable"
      ],
      "unfree": true,
      "version": "2.0.30",
      "outputs_to_install": [
        "out"
      ],
      "outputs": {
        "out": "/nix/store/103scqn5wpjx1qrqqlbpl4xv1ja58q5j-claude-code-2.0.30"
      },
      "system": "aarch64-linux",
      "group": "toplevel",
      "priority": 5
    },
    {
      "attr_path": "claude-code",
      "broken": false,
      "derivation": "/nix/store/6arwb3n3gcq2nwmqz0a723v3gy3shh05-claude-code-2.0.30.drv",
      "description": "Agentic coding tool that lives in your terminal, understands your codebase, and helps you code faster",
      "install_id": "claude-code",
      "license": "Unfree",
      "locked_url": "https://github.com/flox/nixpkgs?rev=b3d51a0365f6695e7dd5cdf3e180604530ed33b4",
      "name": "claude-code-2.0.30",
      "pname": "claude-code",
      "rev": "b3d51a0365f6695e7dd5cdf3e180604530ed33b4",
      "rev_count": 888552,
      "rev_date": "2025-11-02T19:18:41Z",
      "scrape_date": "2025-11-05T16:54:57.409416Z",
      "stabilities": [
        "unstable"
      ],
      "unfree": true,
      "version": "2.0.30",
      "outputs_to_install": [
        "out"
      ],
      "outputs": {
        "out": "/nix/store/1g6a26grxq4awpc6z6w08fivzvcnqizv-claude-code-2.0.30"
      },
      "system": "x86_64-darwin",
      "group": "toplevel",
      "priority": 5
    },
    {
      "attr_path": "claude-code",
      "broken": false,
      "derivation": "/nix/store/kiwizv3bh2xrs15qaxnb6ialq08dla2v-claude-code-2.0.30.drv",
      "description": "Agentic coding tool that lives in your terminal, understands your codebase, and helps you code faster",
      "install_id": "claude-code",
      "license": "Unfree",
      "locked_url": "https://github.com/flox/nixpkgs?rev=b3d51a0365f6695e7dd5cdf3e180604530ed33b4",
      "name": "claude-code-2.0.30",
      "pname": "claude-code",
      "rev": "b3d51a0365f6695e7dd5cdf3e180604530ed33b4",
      "rev_count": 888552,
      "rev_date": "2025-11-02T19:18:41Z",
      "scrape_date": "2025-11-05T17:20:46.975714Z",
      "stabilities": [
        "unstable"
      ],
      "unfree": true,
      "version": "2.0.30",
      "outputs_to_install": [
        "out"
      ],
      "outputs": {
        "out": "/nix/store/6is1i3m8viihhhlxjlvmjlq359x3rdrn-claude-code-2.0.30"
      },
      "system": "x86_64-linux",
      "group": "toplevel",
      "priority": 5
    },
    {
      "attr_path": "go",
      "broken": false,
      "derivation": "/nix/store/2xb67c4l9xxlrvaxa9ilgg33h591scjf-go-1.25.2.drv",
      "description": "Go Programming language",
      "install_id": "go",
      "license": "BSD-3-Clause",
      "locked_url": "https://github.com/flox/nixpkgs?rev=b3d51a0365f6695e7dd5cdf3e180604530ed33b4",
      "name": "go-1.25.2",
      "pname": "go",
      "rev": "b3d51a0365f6695e7dd5cdf3e180604530ed33b4",
      "rev_count": 888552,
      "rev_date": "2025-11-02T19:18:41Z",
      "scrape_date": "2025-11-04T00:35:19.240817Z",
      "stabilities": [
        "unstable"
      ],
      "unfree": false,
      "version": "1.25.2",
      "outputs_to_install": [
        "out"
      ],
      "outputs": {
        "out": "/nix/store/nkhf1yv637cp91y79zap7jxmm98v8pvj-go-1.25.2"
      },
      "system": "aarch64-darwin",
      "group": "toplevel",
      "priority": 5
    },
    {
      "attr_path": "go",
      "broken": false,
      "derivation": "/nix/store/rcv50wc3xkxlq1xbjsas1fgr5rbwk337-go-1.25.2.drv",
      "description": "Go Programming language",
      "install_id": "go",
      "license": "BSD-3-Clause",
      "locked_url": "https://github.com/flox/nixpkgs?rev=b3d51a0365f6695e7dd5cdf3e180604530ed33b4",
      "name": "go-1.25.2",
      "pname": "go",
      "rev": "b3d51a0365f6695e7dd5cdf3e180604530ed33b4",
      "rev_count": 888552,
      "rev_date": "2025-11-02T19:18:41Z",
      "scrape_date": "2025-11-05T16:28:59.326449Z",
      "stabilities": [
        "unstable"
      ],
      "unfree": false,
      "version": "1.25.2",
      "outputs_to_install": [
        "out"
      ],
      "outputs": {
        "out": "/nix/store/p1d8jb1k4db3aiqwyp8b1kw4mja3qygx-go-1.25.2"
      },
      "system": "aarch64-linux",
      "group": "toplevel",
      "priority": 5
    },
    {
      "attr_path": "go",
      "broken": false,
      "derivation": "/nix/store/1pkqcd6nfpd80zz7zww5jl8srgp0sx96-go-1.25.2.drv",
      "description": "Go Programming language",
      "install_id": "go",
      "license": "BSD-3-Clause",
      "locked_url": "https://github.com/flox/nixpkgs?rev=b3d51a0365f6695e7dd5cdf3e180604530ed33b4",
      "name": "go-1.25.2",
      "pname": "go",
      "rev": "b3d51a0365f6695e7dd5cdf3e180604530ed33b4",
      "rev_count": 888552,
      "rev_date": "2025-11-02T19:18:41Z",
      "scrape_date": "2025-11-05T16:54:58.294187Z",
      "stabilities": [
        "unstable"
      ],
      "unfree": false,
      "version": "1.25.2",
      "outputs_to_install": [
        "out"
      ],
      "outputs": {
        "out": "/nix/store/xvwacgkf3x446qq3mdsh3v13f8935wa3-go-1.25.2"
      },
      "system": "x86_64-darwin",
      "group": "toplevel",
      "priority": 5
    },
    {
      "attr_path": "go",
      "broken": false,
      "derivation": "/nix/store/zffz4bwhyymy1l87064qgcyzfgqzlcz6-go-1.25.2.drv",
      "description": "Go Programming language",
      "install_id": "go",
      "license": "BSD-3-Clause",
      "locked_url": "https://github.com/flox/nixpkgs?rev=b3d51a0365f6695e7dd5cdf3e180604530ed33b4",
      "name": "go-1.25.2",
      "pname": "go",
      "rev": "b3d51a0365f6695e7dd5cdf3e180604530ed33b4",
      "rev_count": 888552,
      "rev_date": "2025-11-02T19:18:41Z",
      "scrape_date": "2025-11-05T17:20:48.815668Z",
      "stabilities": [
        "unstable"
      ],
      "unfree": false,
      "version": "1.25.2",
      "outputs_to_install": [
        "out"
      ],
      "outputs": {
        "out": "/nix/store/k1kn1c59ss7nq6agdppzq3krwmi3xqy4-go-1.25.2"
      },
      "system": "x86_64-linux",
      "group": "toplevel",
      "priority": 5
    },
    {
      "attr_path": "golangci-lint",
      "broken": false,
      "derivation": "/nix/store/yiblqcwbv8jhfr1ldh253plifh0q4vly-golangci-lint-2.6.0.drv",
      "description": "Fast linters Runner for Go",
      "install_id": "golangci-lint",
      "license": "GPL-3.0-or-later",
      "locked_url": "https://github.com/flox/nixpkgs?rev=b3d51a0365f6695e7dd5cdf3e180604530ed33b4",
      "name": "golangci-lint-2.6.0",
      "pname": "golangci-lint",
      "rev": "b3d51a0365f6695e7dd5cdf3e180604530ed33b4",
      "rev_count": 888552,
      "rev_date": "2025-11-02T19:18:41Z",
      "scrape_date": "2025-11-04T00:35:19.288243Z",
      "stabilities": [
        "unstable"
      ],
      "unfree": false,
      "version": "2.6.0",
      "outputs_to_install": [
        "out"
      ],
      "outputs": {
        "out": "/nix/store/3d9s59vm4hjgavsnfkd18p5krry20fgv-golangci-lint-2.6.0"
      },
      "system": "aarch64-darwin",
      "group": "toplevel",
      "priority": 5
    },
    {
      "attr_path": "golangci-lint",
      "broken": false,
      "derivation": "/nix/store/rlswjwc8fkjr28hmb7y0rxx7s4d2vxwi-golangci-lint-2.6.0.drv",
      "description": "Fast linters Runner for Go",
      "install_id": "golangci-lint",
      "license": "GPL-3.0-or-later",
      "locked_url": "https://github.com/flox/nixpkgs?rev=b3d51a0365f6695e7dd5cdf3e180604530ed33b4",
      "name": "golangci-lint-2.6.0",
      "pname": "golangci-lint",
      "rev": "b3d51a0365f6695e7dd5cdf3e180604530ed33b4",
      "rev_count": 888552,
      "rev_date": "2025-11-02T19:18:41Z",
      "scrape_date": "2025-11-05T16:28:59.408005Z",
      "stabilities": [
        "unstable"
      ],
      "unfree": false,
      "version": "2.6.0",
      "outputs_to_install": [
        "out"
      ],
      "outputs": {
        "out": "/nix/store/2yk0xhvyvx5f2x41wnlx5n9hijvb2xyv-golangci-lint-2.6.0"
      },
      "system": "aarch64-linux",
      "group": "toplevel",
      "priority": 5
    },
    {
      "attr_path": "golangci-lint",
      "broken": false,
      "derivation": "/nix/store/rs97a7y8jyg9z7g0mcmw0wv059k1706k-golangci-lint-2.6.0.drv",
      "description": "Fast linters Runner for Go",
      "install_id": "golangci-lint",
      "license": "GPL-3.0-or-later",
      "locked_url": "https://github.com/flox/nixpkgs?rev=b3d51a0365f6695e7dd5cdf3e180604530ed33b4",
      "name": "golangci-lint-2.6.0",
      "pname": "golangci-lint",
      "rev": "b3d51a0365f6695e7dd5cdf3e180604530ed33b4",
      "rev_count": 888552,
      "rev_date": "2025-11-02T19:18:41Z",
      "scrape_date": "2025-11-05T16:54:58.341319Z",
      "stabilities": [
        "unstable"
      ],
      "unfree": false,
      "version": "2.6.0",
      "outputs_to_install": [
        "out"
      ],
      "outputs": {
        "out": "/nix/store/573khksn3wshypg14xx9i3fy0xn2iwzj-golangci-lint-2.6.0"
      },
      "system": "x86_64-darwin",
      "group": "toplevel",
      "priority": 5
    },
    {
      "attr_path": "golangci-lint",
      "broken": false,
      "derivation": "/nix/store/a5kgpb44aiwnf36zwwxy3pavr57z722q-golangci-lint-2.6.0.drv",
      "description": "Fast linters Runner for Go",
      "install_id": "golangci-lint",
      "license": "GPL-3.0-or-later",
      "locked_url": "https://github.com/flox/nixpkgs?rev=b3d51a0365f6695e7dd5cdf3e180604530ed33b4",
      "name": "golangci-lint-2.6.0",
      "pname": "golangci-lint",
      "rev": "b3d51a0365f6695e7dd5cdf3e180604530ed33b4",
      "rev_count": 888552,
      "rev_date": "2025-11-02T19:18:41Z",
      "scrape_date": "2025-11-05T17:20:48.901883Z",
      "stabilities": [
        "unstable"
      ],
      "unfree": false,
      "version": "2.6.0",
      "outputs_to_install": [
        "out"
      ],
      "outputs": {
        "out": "/nix/store/gqgzprwh1lpfkvwcyb7z2zn2higx445w-golangci-lint-2.6.0"
      },
      "system": "x86_64-linux",
      "group": "toplevel",
      "priority": 5
    }
  ]
}
